lockfileVersion: '6.0'

settings:
  autoInstallPeers: true
  excludeLinksFromLockfile: false

dependencies:
  '@opentelemetry/api':
    specifier: 1.9.0
    version: 1.9.0
  '@opentelemetry/resources':
    specifier: 2.11.0
    version: 2.11.0(@opentelemetry/api@1.9.0)
  '@opentelemetry/sdk-node':
    specifier: 0.222.0
    version: 0.222.0(@opentelemetry/api@1.9.0)
  ngrv:
    specifier: link:..
    version: link:..

packages:

  /@grpc/grpc-js@1.14.5:
    resolution: {integrity: sha512-7VZM+SVdEcUUqSQeNI3zM8Qs/BhQKZndPo2h5VkYkAM8Iz0wJIa8mKV5ekQGqG8UUsnkQ0NMxIxwkIHYvj0qOw==}
    engines: {node: '>=12.10.0'}
    dependencies:
      '@grpc/proto-loader': 0.8.1
      '@js-sdsl/ordered-map': 4.4.2
    dev: false

  /@grpc/proto-loader@0.8.1:
    resolution: {integrity: sha512-wtF6h+DY6M3YaDBPAmvuuA6jV8Sif9MjtOI5euKFWRgCDl5PeDpPsHR9u2l6St5ceY8AZgoNDww5+HvEsXFsGg==}
    engines: {node: '>=6'}
    hasBin: true
    dependencies:
      lodash.camelcase: 4.3.0
      long: 5.3.2
      protobufjs: 7.6.6
      yargs: 17.7.3
    dev: false

  /@js-sdsl/ordered-map@4.4.2:
    resolution: {integrity: sha512-iUKgm52T8HOE/makSxjqoWhe95ZJA1/G1sYsGev2JDKUSS14KAgg1LHb+Ba+IPow0xflbnSkOsZcO08C7w1gYw==}
    dev: false

  /@opentelemetry/api-logs@0.222.0:
    resolution: {integrity: sha512-9mb1If+IF6u0ZVXkHQ6ogEae5HwA6ajIVUgpSDQyRASxft6BSXHvBvPooRle3yFN/fKnCdSOnuu0OC3PLcF6+g==}
    engines: {node: '>=8.0.0'}
    dependencies:
      '@opentelemetry/api': 1.9.0
    dev: false

  /@opentelemetry/api@1.9.0:
    resolution: {integrity: sha512-3giAOQvZiH5F9bMlMiv8+GSPMeqg0dbaeo58/0SlA9sxSqZhnUtxzX9/2FzyhS9sWQf5S0GJE0AKBrFqjpeYcg==}
    engines: {node: '>=8.0.0'}
    dev: false

  /@opentelemetry/configuration@0.222.0(@opentelemetry/api@1.9.0):
    resolution: {integrity: sha512-zNWGmEvyX7CUbS6F6PKi7hf3CF/SffzeBYyWVQAfadZ8hODrvLmqV3IUGVt1SiqyYanRPHc8VuhoO0Qh9OEuug==}
    engines: {node: ^18.19.0 || >=20.6.0}
    peerDependencies:
      '@opentelemetry/api': ^1.9.0
    dependencies:
      '@opentelemetry/api': 1.9.0
      '@opentelemetry/core': 2.11.0(@opentelemetry/api@1.9.0)
      yaml: 2.9.1
    dev: false

  /@opentelemetry/context-async-hooks@2.11.0(@opentelemetry/api@1.9.0):
    resolution: {integrity: sha512-Tr79DyWI8itsBdg+jH+opjfrwLzX+erk1/ExkIwhWoAVjVrJIn2y5+cGjTC0Vy8fyNIA/y8wuJPZwr1T3xCZeQ==}
    engines: {node: ^18.19.0 || >=20.6.0}
    peerDependencies:
      '@opentelemetry/api': '>=1.0.0 <1.10.0'
    dependencies:
      '@opentelemetry/api': 1.9.0
    dev: false

  /@opentelemetry/core@2.11.0(@opentelemetry/api@1.9.0):
    resolution: {integrity: sha512-7YP44XH0tV6+Mb54x2YGf84i7yi+31MBZlE8JwvozkxyTvXbSp10X7cI7YE49ChJ3shMJoBmCJF3+1QFBJctGA==}
    engines: {node: ^18.19.0 || >=20.6.0}
    peerDependencies:
      '@opentelemetry/api': '>=1.0.0 <1.10.0'
    dependencies:
      '@opentelemetry/api': 1.9.0
      '@opentelemetry/semantic-conventions': 1.43.0
    dev: false

  /@opentelemetry/exporter-logs-otlp-grpc@0.222.0(@opentelemetry/api@1.9.0):
    resolution: {integrity: sha512-HH4Oi/E8HXBKtcjgcVPJGsrg+lSstdw1m93brRdpVj5CjMpyTkv/O0ZYMXP6QXVEaLjjFivtzUu4Y8+i1UJpjw==}
    engines: {node: ^18.19.0 || >=20.6.0}
    peerDependencies:
      '@opentelemetry/api': ^1.3.0
    dependencies:
      '@opentelemetry/api': 1.9.0
      '@opentelemetry/otlp-exporter-base': 0.222.0(@opentelemetry/api@1.9.0)
      '@opentelemetry/otlp-grpc-exporter-base': 0.222.0(@opentelemetry/api@1.9.0)
      '@opentelemetry/otlp-transformer': 0.222.0(@opentelemetry/api@1.9.0)
      '@opentelemetry/sdk-logs': 0.222.0(@opentelemetry/api@1.9.0)
    dev: false

  /@opentelemetry/exporter-logs-otlp-http@0.222.0(@opentelemetry/api@1.9.0):
    resolution: {integrity: sha512-GqwLZohJTf/sttYlOpT1oFTJ9ScYaKnk0sOx4Qe/+KmXYVOa+v94cfnkUkFKDuvTODWhCL50Hz3gvsZD6ngQpg==}
    engines: {node: ^18.19.0 || >=20.6.0}
    peerDependencies:
      '@opentelemetry/api': ^1.3.0
    dependencies:
      '@opentelemetry/api': 1.9.0
      '@opentelemetry/otlp-exporter-base': 0.222.0(@opentelemetry/api@1.9.0)
      '@opentelemetry/otlp-transformer': 0.222.0(@opentelemetry/api@1.9.0)
      '@opentelemetry/sdk-logs': 0.222.0(@opentelemetry/api@1.9.0)
    dev: false

  /@opentelemetry/exporter-logs-otlp-proto@0.222.0(@opentelemetry/api@1.9.0):
    resolution: {integrity: sha512-LlCDJuaznfFPzjHoKXjN/r9T5pgCZpmVheZ/EmwMUhMvpxI7RXDmsdLXoYpl5suYQNkwyXAUZhVEXKe3lev8Hg==}
    engines: {node: ^18.19.0 || >=20.6.0}
    peerDependencies:
      '@opentelemetry/api': ^1.3.0
    dependencies:
      '@opentelemetry/api': 1.9.0
      '@opentelemetry/otlp-exporter-base': 0.222.0(@opentelemetry/api@1.9.0)
      '@opentelemetry/otlp-transformer': 0.222.0(@opentelemetry/api@1.9.0)
      '@opentelemetry/sdk-logs': 0.222.0(@opentelemetry/api@1.9.0)
    dev: false

  /@opentelemetry/exporter-metrics-otlp-grpc@0.222.0(@opentelemetry/api@1.9.0):
    resolution: {integrity: sha512-nPU2gpQWJfQttf+A71aLkKEOQoO6n6QGs5QTtPagi/rb3Lc1I55bqRXoLQEZsWqWimc8eas2Vo168NkTaByxQw==}
    engines: {node: ^18.19.0 || >=20.6.0}
    peerDependencies:
      '@opentelemetry/api': ^1.3.0
    dependencies:
      '@opentelemetry/api': 1.9.0
      '@opentelemetry/exporter-metrics-otlp-http': 0.222.0(@opentelemetry/api@1.9.0)
      '@opentelemetry/otlp-grpc-exporter-base': 0.222.0(@opentelemetry/api@1.9.0)
      '@opentelemetry/otlp-transformer': 0.222.0(@opentelemetry/api@1.9.0)
    dev: false

  /@opentelemetry/exporter-metrics-otlp-http@0.222.0(@opentelemetry/api@1.9.0):
    resolution: {integrity: sha512-6Ko+0bgNP6V4G/RsmNBSk5lO1B/lo9z6tvLpFY3ykPPevXNzFmOW3C9hEmTt0zKCvHovyrol3TYlg4HVb5gwjg==}
    engines: {node: ^18.19.0 || >=20.6.0}
    peerDependencies:
      '@opentelemetry/api': ^1.3.0
    dependencies:
      '@opentelemetry/api': 1.9.0
      '@opentelemetry/core': 2.11.0(@opentelemetry/api@1.9.0)
      '@opentelemetry/otlp-exporter-base': 0.222.0(@opentelemetry/api@1.9.0)
      '@opentelemetry/otlp-transformer': 0.222.0(@opentelemetry/api@1.9.0)
      '@opentelemetry/resources': 2.11.0(@opentelemetry/api@1.9.0)
      '@opentelemetry/sdk-metrics': 2.11.0(@opentelemetry/api@1.9.0)
    dev: false

  /@opentelemetry/exporter-metrics-otlp-proto@0.222.0(@opentelemetry/api@1.9.0):
    resolution: {integrity: sha512-s1ZPwS8Ig7cpRmL3kCobPaFbemM81dJ03LNPrsuN32h3mCDvNF2NQ1pRHruOju0P0o1TZ24LkZA685rtQal1KA==}
    engines: {node: ^18.19.0 || >=20.6.0}
    peerDependencies:
      '@opentelemetry/api': ^1.3.0
    dependencies:
      '@opentelemetry/api': 1.9.0
      '@opentelemetry/exporter-metrics-otlp-http': 0.222.0(@opentelemetry/api@1.9.0)
      '@opentelemetry/otlp-exporter-base': 0.222.0(@opentelemetry/api@1.9.0)
      '@opentelemetry/otlp-transformer': 0.222.0(@opentelemetry/api@1.9.0)
    dev: false

  /@opentelemetry/exporter-prometheus@0.222.0(@opentelemetry/api@1.9.0):
    resolution: {integrity: sha512-I7nalnnBZrhlTgjlqsVeEjJGcQCFK5kKAYVk7XTz/cbubvj5fvjLOal/Many0taHF2GIkOWmegsbQ8vbQJjhFg==}
    engines: {node: ^18.19.0 || >=20.6.0}
    peerDependencies:
      '@opentelemetry/api': ^1.3.0
    dependencies:
      '@opentelemetry/api': 1.9.0
      '@opentelemetry/core': 2.11.0(@opentelemetry/api@1.9.0)
      '@opentelemetry/resources': 2.11.0(@opentelemetry/api@1.9.0)
      '@opentelemetry/sdk-metrics': 2.11.0(@opentelemetry/api@1.9.0)
      '@opentelemetry/semantic-conventions': 1.43.0
    dev: false

  /@opentelemetry/exporter-trace-otlp-grpc@0.222.0(@opentelemetry/api@1.9.0):
    resolution: {integrity: sha512-uisilePEdOMa3hIfXW82XXU6FofF8gw3iv+PoboIMWEUBC7XbJB3XnIHSdrSDsqCw3njR/If08qD0yzOY1U9Sg==}
    engines: {node: ^18.19.0 || >=20.6.0}
    peerDependencies:
      '@opentelemetry/api': ^1.3.0
    dependencies:
      '@opentelemetry/api': 1.9.0
      '@opentelemetry/otlp-exporter-base': 0.222.0(@opentelemetry/api@1.9.0)
      '@opentelemetry/otlp-grpc-exporter-base': 0.222.0(@opentelemetry/api@1.9.0)
      '@opentelemetry/otlp-transformer': 0.222.0(@opentelemetry/api@1.9.0)
      '@opentelemetry/sdk-trace': 2.11.0(@opentelemetry/api@1.9.0)
    dev: false

  /@opentelemetry/exporter-trace-otlp-http@0.222.0(@opentelemetry/api@1.9.0):
    resolution: {integrity: sha512-RCnPWcHppwiquQ+cV3nWvNwdf0MG1w26e5jewW2T83nTZOlXgcg88sY9ulCVgagGHcq1mj0L0GP6YHgzk2v8oA==}
    engines: {node: ^18.19.0 || >=20.6.0}
    peerDependencies:
      '@opentelemetry/api': ^1.3.0
    dependencies:
      '@opentelemetry/api': 1.9.0
      '@opentelemetry/otlp-exporter-base': 0.222.0(@opentelemetry/api@1.9.0)
      '@opentelemetry/otlp-transformer': 0.222.0(@opentelemetry/api@1.9.0)
      '@opentelemetry/sdk-trace': 2.11.0(@opentelemetry/api@1.9.0)
    dev: false

  /@opentelemetry/exporter-trace-otlp-proto@0.222.0(@opentelemetry/api@1.9.0):
    resolution: {integrity: sha512-imLrLzNhnABJt3tUyT63h6MqfZrG3Gdv3TE7+OUQTvwD088RfCUx3rF01lcgfu2KXBFk13vwi0yKZLvFEalkIA==}
    engines: {node: ^18.19.0 || >=20.6.0}
    peerDependencies:
      '@opentelemetry/api': ^1.3.0
    dependencies:
      '@opentelemetry/api': 1.9.0
      '@opentelemetry/otlp-exporter-base': 0.222.0(@opentelemetry/api@1.9.0)
      '@opentelemetry/otlp-transformer': 0.222.0(@opentelemetry/api@1.9.0)
      '@opentelemetry/sdk-trace': 2.11.0(@opentelemetry/api@1.9.0)
    dev: false

  /@opentelemetry/exporter-zipkin@2.11.0(@opentelemetry/api@1.9.0):
    resolution: {integrity: sha512-mFibA45yXLEETIj+VcTVycFFe4R91iD41d+r3CU0f3DDWJCrICiHxUIjmYBTCZIuywXEeNo++2lncQeWnH7lWQ==}
    engines: {node: ^18.19.0 || >=20.6.0}
    peerDependencies:
      '@opentelemetry/api': ^1.0.0
    dependencies:
      '@opentelemetry/api': 1.9.0
      '@opentelemetry/core': 2.11.0(@opentelemetry/api@1.9.0)
      '@opentelemetry/resources': 2.11.0(@opentelemetry/api@1.9.0)
      '@opentelemetry/sdk-trace': 2.11.0(@opentelemetry/api@1.9.0)
      '@opentelemetry/semantic-conventions': 1.43.0
    dev: false

  /@opentelemetry/instrumentation@0.222.0(@opentelemetry/api@1.9.0):
    resolution: {integrity: sha512-fhbRDuAgzPKpq1k5+hX3uS+3QAYNca0on0Ngot/R8dDsQtuFaADeZnG2uSgxABuvcI7S2phAaRhbct9jieeKZw==}
    engines: {node: ^18.19.0 || >=20.6.0}
    peerDependencies:
      '@opentelemetry/api': ^1.3.0
    dependencies:
      '@opentelemetry/api': 1.9.0
      '@opentelemetry/api-logs': 0.222.0
      import-in-the-middle: 3.5.1
      require-in-the-middle: 8.0.1
    transitivePeerDependencies:
      - supports-color
    dev: false

  /@opentelemetry/otlp-exporter-base@0.222.0(@opentelemetry/api@1.9.0):
    resolution: {integrity: sha512-YbywG3veEm2Fb6TbdxRkuquWob6eVWXuA8/Ba1tXz9jHfUqpdE3keilOHEtPboC4CvS1bjeeVfNkWGOOrLj+lw==}
    engines: {node: ^18.19.0 || >=20.6.0}
    peerDependencies:
      '@opentelemetry/api': ^1.3.0
    dependencies:
      '@opentelemetry/api': 1.9.0
      '@opentelemetry/core': 2.11.0(@opentelemetry/api@1.9.0)
      '@opentelemetry/otlp-transformer': 0.222.0(@opentelemetry/api@1.9.0)
    dev: false

  /@opentelemetry/otlp-grpc-exporter-base@0.222.0(@opentelemetry/api@1.9.0):
    resolution: {integrity: sha512-Kw5WqDBYYpCgY+edHWZS/Jp3bdguqNkCyEWOsqFhf8RmtcEuWYzPFA9i+L6UsNoJXTs8ngeQB6dwELH1czNYjA==}
    engines: {node: ^18.19.0 || >=20.6.0}
    peerDependencies:
      '@opentelemetry/api': ^1.3.0
    dependencies:
      '@grpc/grpc-js': 1.14.5
      '@opentelemetry/api': 1.9.0
      '@opentelemetry/core': 2.11.0(@opentelemetry/api@1.9.0)
      '@opentelemetry/otlp-exporter-base': 0.222.0(@opentelemetry/api@1.9.0)
      '@opentelemetry/otlp-transformer': 0.222.0(@opentelemetry/api@1.9.0)
    dev: false

  /@opentelemetry/otlp-transformer@0.222.0(@opentelemetry/api@1.9.0):
    resolution: {integrity: sha512-/F3BZ89+CJQnZkMh2tCrtcdB+XT2Dxhj4FFE+WPQ//413hmFL0/RfEX6vgOIWGhiSzrkHWTK3+6SiT7K5/g/jQ==}
    engines: {node: ^18.19.0 || >=20.6.0}
    peerDependencies:
      '@opentelemetry/api': ^1.3.0
    dependencies:
      '@opentelemetry/api': 1.9.0
      '@opentelemetry/api-logs': 0.222.0
      '@opentelemetry/core': 2.11.0(@opentelemetry/api@1.9.0)
      '@opentelemetry/resources': 2.11.0(@opentelemetry/api@1.9.0)
      '@opentelemetry/sdk-logs': 0.222.0(@opentelemetry/api@1.9.0)
      '@opentelemetry/sdk-metrics': 2.11.0(@opentelemetry/api@1.9.0)
      '@opentelemetry/sdk-trace': 2.11.0(@opentelemetry/api@1.9.0)
    dev: false

  /@opentelemetry/propagator-b3@2.11.0(@opentelemetry/api@1.9.0):
    resolution: {integrity: sha512-ldyRZXx6qsqu9Spqd7rVxo6SNAUJqP8Ir3vwIi4N8xyZLXNl/2XeQmIHvFneiVOqNwWkU+JGFg2O9/T1fefU0w==}
    engines: {node: ^18.19.0 || >=20.6.0}
    peerDependencies:
      '@opentelemetry/api': '>=1.0.0 <1.10.0'
    dependencies:
      '@opentelemetry/api': 1.9.0
      '@opentelemetry/core': 2.11.0(@opentelemetry/api@1.9.0)
    dev: false

  /@opentelemetry/propagator-jaeger@2.11.0(@opentelemetry/api@1.9.0):
    resolution: {integrity: sha512-RUOqgoIqXOPQTOhpBrs07Y8sBlxVoLY5Fka6ueZ0prW+k6fWQsba/nHDY4gm+gmfuwtRqbX5Y9YKhDvktjbIqQ==}
    engines: {node: ^18.19.0 || >=20.6.0}
    peerDependencies:
      '@opentelemetry/api': '>=1.0.0 <1.10.0'
    dependencies:
      '@opentelemetry/api': 1.9.0
      '@opentelemetry/core': 2.11.0(@opentelemetry/api@1.9.0)
    dev: false

  /@opentelemetry/resources@2.11.0(@opentelemetry/api@1.9.0):
    resolution: {integrity: sha512-Ie7+8q8MDF4FAEQCKVMTx3ReUvxiIAgIiiW3c9JdmP8+HMcDy20puT+AHjexnExgnbvBxjQ9fjkFDWrikJ2jQA==}
    engines: {node: ^18.19.0 || >=20.6.0}
    peerDependencies:
      '@opentelemetry/api': '>=1.3.0 <1.10.0'
    dependencies:
      '@opentelemetry/api': 1.9.0
      '@opentelemetry/core': 2.11.0(@opentelemetry/api@1.9.0)
      '@opentelemetry/semantic-conventions': 1.43.0
    dev: false

  /@opentelemetry/sdk-logs@0.222.0(@opentelemetry/api@1.9.0):
    resolution: {integrity: sha512-+19YHODIjaUCArxleaJtuufFZVpz/xvvK+VllQqE+W8hHolxdoRwHfK/s667zezwh1hkx6FFF+oYzetYgqK+Bg==}
    engines: {node: ^18.19.0 || >=20.6.0}
    peerDependencies:
      '@opentelemetry/api': '>=1.4.0 <1.10.0'
    dependencies:
      '@opentelemetry/api': 1.9.0
      '@opentelemetry/api-logs': 0.222.0
      '@opentelemetry/core': 2.11.0(@opentelemetry/api@1.9.0)
      '@opentelemetry/resources': 2.11.0(@opentelemetry/api@1.9.0)
      '@opentelemetry/semantic-conventions': 1.43.0
    dev: false

  /@opentelemetry/sdk-metrics@2.11.0(@opentelemetry/api@1.9.0):
    resolution: {integrity: sha512-7GXXcObyHyDUUSG+L+kJoquty01bzm7ivE7+SSgXXJcHuPzGviptxwARmI2c+bnnxjexGQbJnyNlN8HxBP/Y7A==}
    engines: {node: ^18.19.0 || >=20.6.0}
    peerDependencies:
      '@opentelemetry/api': '>=1.9.0 <1.10.0'
    dependencies:
      '@opentelemetry/api': 1.9.0
      '@opentelemetry/core': 2.11.0(@opentelemetry/api@1.9.0)
      '@opentelemetry/resources': 2.11.0(@opentelemetry/api@1.9.0)
    dev: false

  /@opentelemetry/sdk-node@0.222.0(@opentelemetry/api@1.9.0):
    resolution: {integrity: sha512-t8tlFN/ezYV7iI4k6u3t2jFbIReX99Z0iVMVSYLJscE4McxIW9YGHhdOldeY1elHeoq8mjEO4B9s4Fk7+zJbsg==}
    engines: {node: ^18.19.0 || >=20.6.0}
    peerDependencies:
      '@opentelemetry/api': '>=1.3.0 <1.10.0'
    dependencies:
      '@opentelemetry/api': 1.9.0
      '@opentelemetry/api-logs': 0.222.0
      '@opentelemetry/configuration': 0.222.0(@opentelemetry/api@1.9.0)
      '@opentelemetry/context-async-hooks': 2.11.0(@opentelemetry/api@1.9.0)
      '@opentelemetry/core': 2.11.0(@opentelemetry/api@1.9.0)
      '@opentelemetry/exporter-logs-otlp-grpc': 0.222.0(@opentelemetry/api@1.9.0)
      '@opentelemetry/exporter-logs-otlp-http': 0.222.0(@opentelemetry/api@1.9.0)
      '@opentelemetry/exporter-logs-otlp-proto': 0.222.0(@opentelemetry/api@1.9.0)
      '@opentelemetry/exporter-metrics-otlp-grpc': 0.222.0(@opentelemetry/api@1.9.0)
      '@opentelemetry/exporter-metrics-otlp-http': 0.222.0(@opentelemetry/api@1.9.0)
      '@opentelemetry/exporter-metrics-otlp-proto': 0.222.0(@opentelemetry/api@1.9.0)
      '@opentelemetry/exporter-prometheus': 0.222.0(@opentelemetry/api@1.9.0)
      '@opentelemetry/exporter-trace-otlp-grpc': 0.222.0(@opentelemetry/api@1.9.0)
      '@opentelemetry/exporter-trace-otlp-http': 0.222.0(@opentelemetry/api@1.9.0)
      '@opentelemetry/exporter-trace-otlp-proto': 0.222.0(@opentelemetry/api@1.9.0)
      '@opentelemetry/exporter-zipkin': 2.11.0(@opentelemetry/api@1.9.0)
      '@opentelemetry/instrumentation': 0.222.0(@opentelemetry/api@1.9.0)
      '@opentelemetry/otlp-exporter-base': 0.222.0(@opentelemetry/api@1.9.0)
      '@opentelemetry/otlp-grpc-exporter-base': 0.222.0(@opentelemetry/api@1.9.0)
      '@opentelemetry/propagator-b3': 2.11.0(@opentelemetry/api@1.9.0)
      '@opentelemetry/propagator-jaeger': 2.11.0(@opentelemetry/api@1.9.0)
      '@opentelemetry/resources': 2.11.0(@opentelemetry/api@1.9.0)
      '@opentelemetry/sdk-logs': 0.222.0(@opentelemetry/api@1.9.0)
      '@opentelemetry/sdk-metrics': 2.11.0(@opentelemetry/api@1.9.0)
      '@opentelemetry/sdk-trace': 2.11.0(@opentelemetry/api@1.9.0)
      '@opentelemetry/sdk-trace-base': 2.11.0(@opentelemetry/api@1.9.0)
      '@opentelemetry/sdk-trace-node': 2.11.0(@opentelemetry/api@1.9.0)
      '@opentelemetry/semantic-conventions': 1.43.0
    transitivePeerDependencies:
      - supports-color
    dev: false

  /@opentelemetry/sdk-trace-base@2.11.0(@opentelemetry/api@1.9.0):
    resolution: {integrity: sha512-H19x/TX/LZdqiYOjM7fqtSxwlplC5pgelavqbQdHbhdq0q/AI/TGkM2dfGuuynTXmJPeF2HoZVoPDu+TGoW78A==}
    engines: {node: ^18.19.0 || >=20.6.0}
    peerDependencies:
      '@opentelemetry/api': '>=1.3.0 <1.10.0'
    dependencies:
      '@opentelemetry/api': 1.9.0
      '@opentelemetry/core': 2.11.0(@opentelemetry/api@1.9.0)
      '@opentelemetry/resources': 2.11.0(@opentelemetry/api@1.9.0)
      '@opentelemetry/sdk-trace': 2.11.0(@opentelemetry/api@1.9.0)
      '@opentelemetry/semantic-conventions': 1.43.0
    dev: false

  /@opentelemetry/sdk-trace-node@2.11.0(@opentelemetry/api@1.9.0):
    resolution: {integrity: sha512-CuvCMJmZxswhNLlM2LfuLOW3h3fZujA4hsG4B+Sz4dX2zvaXO8Ng74cnDHWD64gLszTlhiG3c0iNUjj4g+0/sA==}
    engines: {node: ^18.19.0 || >=20.6.0}
    peerDependencies:
      '@opentelemetry/api': '>=1.0.0 <1.10.0'
    dependencies:
      '@opentelemetry/api': 1.9.0
      '@opentelemetry/context-async-hooks': 2.11.0(@opentelemetry/api@1.9.0)
      '@opentelemetry/core': 2.11.0(@opentelemetry/api@1.9.0)
      '@opentelemetry/sdk-trace-base': 2.11.0(@opentelemetry/api@1.9.0)
    dev: false

  /@opentelemetry/sdk-trace@2.11.0(@opentelemetry/api@1.9.0):
    resolution: {integrity: sha512-fFnTqGm8/G73GQVnxYi7LXa1ZVYEUvgL6XI1LpvV0bPC7WQ/ZGgKxCSl8FnlZBKto9JHHEFTO6s6CUpvvtwFrA==}
    engines: {node: ^18.19.0 || >=20.6.0}
    peerDependencies:
      '@opentelemetry/api': '>=1.3.0 <1.10.0'
    dependencies:
      '@opentelemetry/api': 1.9.0
      '@opentelemetry/core': 2.11.0(@opentelemetry/api@1.9.0)
      '@opentelemetry/resources': 2.11.0(@opentelemetry/api@1.9.0)
      '@opentelemetry/semantic-conventions': 1.43.0
    dev: false

  /@opentelemetry/semantic-conventions@1.43.0:
    resolution: {integrity: sha512-eSYWTm620tTk45EKSedaUL8MFYI8hW164hIXsgIHyxu3VobUB3fFCu5t0hQby6OoWRPsG1KkKUG2M5UadiLiVg==}
    engines: {node: '>=14'}
    dev: false

  /@protobufjs/aspromise@1.1.2:
    resolution: {integrity: sha512-j+gKExEuLmKwvz3OgROXtrJ2UG2x8Ch2YZUxahh+s1F2HZ+wAceUNLkvy6zKCPVRkU++ZWQrdxsUeQXmcg4uoQ==}
    dev: false

  /@protobufjs/base64@1.1.2:
    resolution: {integrity: sha512-AZkcAA5vnN/v4PDqKyMR5lx7hZttPDgClv83E//FMNhR2TMcLUhfRUBHCmSl0oi9zMgDDqRUJkSxO3wm85+XLg==}
    dev: false

  /@protobufjs/codegen@2.0.5:
    resolution: {integrity: sha512-zgXFLzW3Ap33e6d0Wlj4MGIm6Ce8O89n/apUaGNB/jx+hw+ruWEp7EwGUshdLKVRCxZW12fp9r40E1mQrf/34g==}
    dev: false

  /@protobufjs/eventemitter@1.1.1:
    resolution: {integrity: sha512-vW1GmwMZNnL+gMRaovlh9yZX74kc+TTU3FObkkurpMaRtBfLP3ldjS9KQWlwZgraRE0+dheEEoAxdzcJQ8eXZg==}
    dev: false

  /@protobufjs/fetch@1.1.1:
    resolution: {integrity: sha512-GpptLrs57adMSuHi3VNj0mAF8dwh36LMaYF6XyJ6JMWlVsc+t42tm1HSEDmOs3A8fC9yyeisgLhsTVQokOZ0zw==}
    dependencies:
      '@protobufjs/aspromise': 1.1.2
    dev: false

  /@protobufjs/float@1.0.2:
    resolution: {integrity: sha512-Ddb+kVXlXst9d+R9PfTIxh1EdNkgoRe5tOX6t01f1lYWOvJnSPDBlG241QLzcyPdoNTsblLUdujGSE4RzrTZGQ==}
    dev: false

  /@protobufjs/path@1.1.2:
    resolution: {integrity: sha512-6JOcJ5Tm08dOHAbdR3GrvP+yUUfkjG5ePsHYczMFLq3ZmMkAD98cDgcT2iA1lJ9NVwFd4tH/iSSoe44YWkltEA==}
    dev: false

  /@protobufjs/pool@1.1.0:
    resolution: {integrity: sha512-0kELaGSIDBKvcgS4zkjz1PeddatrjYcmMWOlAuAPwAeccUrPHdUqo/J6LiymHHEiJT5NrF1UVwxY14f+fy4WQw==}
    dev: false

  /@protobufjs/utf8@1.1.2:
    resolution: {integrity: sha512-b1UQwcEZ4yCnMCD8DAL1VlbvBJE9/IX4FTIp7BG1xYpf29SLazLSrqUkj4w7Y5y7cCVP6E5tcqqcI0xemPkHug==}
    dev: false

  /@types/node@26.6.2:
    resolution: {integrity: sha512-X1P21scMv4zGKLYqjdGjaKa7COa0RKVYYZZN/NfvLQ1JegxFhdhpZG/Lyn8AXx6CDUavKAd11v6BvfpkDByK8g==}
    dependencies:
      undici-types: 8.9.0
    dev: false

  /ansi-regex@5.0.1:
    resolution: {integrity: sha512-quJQXlTSUGL2LH9SUXo8VwsY4soanhgo6LNSm84E1LBcE8s3O0wpdiRzyR9z/ZZJMlMWv37qOOb9pdJlMUEKFQ==}
    engines: {node: '>=8'}
    dev: false

  /ansi-styles@4.3.0:
    resolution: {integrity: sha512-zbB9rCJAT1rbjiVDb2hqKFHNYLxgtk8NURxZ3IZwD3F6NtxbXZQCnnSi1Lkx+IDohdPlFp222wVALIheZJQSEg==}
    engines: {node: '>=8'}
    dependencies:
      color-convert: 2.0.1
    dev: false

  /cjs-module-lexer@2.2.1:
    resolution: {integrity: sha512-Ca8swihM+/4yKecYHY52kgJd300hi2lADU/a1RxNTRe+RJ9jvqQlESpbz9DnG9mowez8qwXHB8qYdIUw9e+F5Q==}
    dev: false

  /cliui@8.0.1:
    resolution: {integrity: sha512-BSeNnyus75C4//NQ9gQt1/csTXyo/8Sb+afLAkzAptFuMsod9HFokGNudZpi/oQV73hnVK+sR+5PVRMd+Dr7YQ==}
    engines: {node: '>=12'}
    dependencies:
      string-width: 4.2.3
      strip-ansi: 6.0.1
      wrap-ansi: 7.0.0
    dev: false

  /color-convert@2.0.1:
    resolution: {integrity: sha512-RRECPsj7iu/xb5oKYcsFHSppFNnsj/52OVTRKb4zP5onXwVF3zVmmToNcOfGC+CRDpfK/U584fMg38ZHCaElKQ==}
    engines: {node: '>=7.0.0'}
    dependencies:
      color-name: 1.1.4
    dev: false

  /color-name@1.1.4:
    resolution: {integrity: sha512-dOy+3AuW3a2wNbZHIuMZpTcgjGuLU/uBL/ubcZF9OXbDo8ff4O8yVp5Bf0efS8uEoYo5q4Fx7dY9OgQGXgAsQA==}
    dev: false

  /debug@4.4.3:
    resolution: {integrity: sha512-RGwwWnwQvkVfavKVt22FGLw+xYSdzARwm0ru6DhTVA3umU5hZc28V3kO4stgYryrTlLpuvgI9GiijltAjNbcqA==}
    engines: {node: '>=6.0'}
    peerDependencies:
      supports-color: '*'
    peerDependenciesMeta:
      supports-color:
        optional: true
    dependencies:
      ms: 2.1.3
    dev: false

  /emoji-regex@8.0.0:
    resolution: {integrity: sha512-MSjYzcWNOA0ewAHpz0MxpYFvwg6yjy1NG3xteoqz644VCo/RPgnr1/GGt+ic3iJTzQ8Eu3TdM14SawnVUmGE6A==}
    dev: false

  /es-module-lexer@3.0.2:
    resolution: {integrity: sha512-BuIB67FngDSyQ/dpQNOZybwdEBDUGJQvOqwWr4ha/ufYiqzuEwPkKO2zLhRAgay28tStRIHUeWmszZAJo3GCOg==}
    dev: false

  /escalade@3.2.0:
    resolution: {integrity: sha512-WUj2qlxaQtO4g6Pq5c29GTcWGDyd8itL8zTlipgECz3JesAiiOKotd8JU6otB3PACgG6xkJUyVhboMS+bje/jA==}
    engines: {node: '>=6'}
    dev: false

  /get-caller-file@2.0.5:
    resolution: {integrity: sha512-DyFP3BM/3YHTQOCUL/w0OZHR0lpKeGrxotcHWcqNEdnltqFwXVfhEBQ94eIo34AfQpo0rGki4cyIiftY06h2Fg==}
    engines: {node: 6.* || 8.* || >= 10.*}
    dev: false

  /import-in-the-middle@3.5.1:
    resolution: {integrity: sha512-mPKuL8bPQzecui2KK6Gb+M8JvJoHnhS1FeYGa22QopBmlevF5F0FE6ued/B5EgHDeIoMTONIpDWWFKUPOG0DBQ==}
    engines: {node: '>=18'}
    dependencies:
      cjs-module-lexer: 2.2.1
      es-module-lexer: 3.0.2
      module-details-from-path: 1.0.4
    dev: false

  /is-fullwidth-code-point@3.0.0:
    resolution: {integrity: sha512-zymm5+u+sCsSWyD9qNaejV3DFvhCKclKdizYaJUuHA83RLjb7nSuGnddCHGv0hk+KY7BMAlsWeK4Ueg6EV6XQg==}
    engines: {node: '>=8'}
    dev: false

  /lodash.camelcase@4.3.0:
    resolution: {integrity: sha512-TwuEnCnxbc3rAvhf/LbG7tJUDzhqXyFnv3dtzLOPgCG/hODL7WFnsbwktkD7yUV0RrreP/l1PALq/YSg6VvjlA==}
    dev: false

  /long@5.3.2:
    resolution: {integrity: sha512-mNAgZ1GmyNhD7AuqnTG3/VQ26o760+ZYBPKjPvugO8+nLbYfX6TVpJPseBvopbdY+qpZ/lKUnmEc1LeZYS3QAA==}
    dev: false

  /module-details-from-path@1.0.4:
    resolution: {integrity: sha512-EGWKgxALGMgzvxYF1UyGTy0HXX/2vHLkw6+NvDKW2jypWbHpjQuj4UMcqQWXHERJhVGKikolT06G3bcKe4fi7w==}
    dev: false

  /ms@2.1.3:
    resolution: {integrity: sha512-6FlzubTLZG3J2a/NVCAleEhjzq5oxgHyaCU9yYXvcLsvoVaHJq/s5xXI6/XXP6tz7R9xAOtHnSO/tXtF3WRTlA==}
    dev: false

  /protobufjs@7.6.6:
    resolution: {integrity: sha512-dYDWdjSl5RNb7SgPxGQcRU+GtvP7s2fpkrY0r432PcOIaZ0/rBcxEZnQN67iJhFuQiVw754JDoPruPCNdGsbjg==}
    engines: {node: '>=12.0.0'}
    requiresBuild: true
    dependencies:
      '@protobufjs/aspromise': 1.1.2
      '@protobufjs/base64': 1.1.2
      '@protobufjs/codegen': 2.0.5
      '@protobufjs/eventemitter': 1.1.1
      '@protobufjs/fetch': 1.1.1
      '@protobufjs/float': 1.0.2
      '@protobufjs/path': 1.1.2
      '@protobufjs/pool': 1.1.0
      '@protobufjs/utf8': 1.1.2
      '@types/node': 26.6.2
      long: 5.3.2
    dev: false

  /require-directory@2.1.1:
    resolution: {integrity: sha512-fGxEI7+wsG9xrvdjsrlmL22OMTTiHRwAMroiEeMgq8gzoLC/PQr7RsRDSTLUg/bZAZtF+TVIkHc6/4RIKrui+Q==}
    engines: {node: '>=0.10.0'}
    dev: false

  /require-in-the-middle@8.0.1:
    resolution: {integrity: sha512-QT7FVMXfWOYFbeRBF6nu+I6tr2Tf3u0q8RIEjNob/heKY/nh7drD/k7eeMFmSQgnTtCzLDcCu/XEnpW2wk4xCQ==}
    engines: {node: '>=9.3.0 || >=8.10.0 <9.0.0'}
    dependencies:
      debug: 4.4.3
      module-details-from-path: 1.0.4
    transitivePeerDependencies:
      - supports-color
    dev: false

  /string-width@4.2.3:
    resolution: {integrity: sha512-wKyQRQpjJ0sIp62ErSZdGsjMJWsap5oRNihHhu6G7JVO/9jIB6UyevL+tXuOqrng8j/cxKTWyWUwvSTriiZz/g==}
    engines: {node: '>=8'}
    dependencies:
      emoji-regex: 8.0.0
      is-fullwidth-code-point: 3.0.0
      strip-ansi: 6.0.1
    dev: false

  /strip-ansi@6.0.1:
    resolution: {integrity: sha512-Y38VPSHcqkFrCpFnQ9vuSXmquuv5oXOKpGeT6aGrr3o3Gc9AlVa6JBfUSOCnbxGGZF+/0ooI7KrPuUSztUdU5A==}
    engines: {node: '>=8'}
    dependencies:
      ansi-regex: 5.0.1
    dev: false

  /undici-types@8.9.0:
    resolution: {integrity: sha512-KTDyRTYX8sWmKXAikPHHSyc63CRPETMctyjKFupcC6OBLXT3xsN0e9aF7m+mIXutFWpUXuedtowG7iLOzp0kQg==}
    dev: false

  /wrap-ansi@7.0.0:
    resolution: {integrity: sha512-YVGIj2kamLSTxw6NsZjoBxfSwsn0ycdesmc4p+Q21c5zPuZ1pl+NfxVdxPtdHvmNVOQ6XSYG4AUtyt/Fi7D16Q==}
    engines: {node: '>=10'}
    dependencies:
      ansi-styles: 4.3.0
      string-width: 4.2.3
      strip-ansi: 6.0.1
    dev: false

  /y18n@5.0.8:
    resolution: {integrity: sha512-0pfFzegeDWJHJIAmTLRP2DwHjdF5s7jo9tuztdQxAhINCdvS+3nGINqPd00AphqJR/0LhANUS6/+7SCb98YOfA==}
    engines: {node: '>=10'}
    dev: false

  /yaml@2.9.1:
    resolution: {integrity: sha512-3NxN8+78OdzbT7C/WjGsyfPAtJaN3FNDsWxv7Y7mcDsT/oOmgW8BpyQQFFBnvZE3j9Y2Sdz1ULFLezL7Eb2yFw==}
    engines: {node: '>= 14.6'}
    hasBin: true
    dev: false

  /yargs-parser@21.1.1:
    resolution: {integrity: sha512-tVpsJW7DdjecAiFpbIB1e3qxIQsE6NoPc5/eTdrbbIC4h0LVsWhnoa3g+m2HclBIujHzsxZ4VJVA+GUuc2/LBw==}
    engines: {node: '>=12'}
    dev: false

  /yargs@17.7.3:
    resolution: {integrity: sha512-GZtjxm/J/4TSxuL3FNYjCmLktBTnIw/rVmKSIyKeYAZpmJB2ig9VauCC5xsa82GNKVKDAqpOn3KVzNt0zmrU0g==}
    engines: {node: '>=12'}
    dependencies:
      cliui: 8.0.1
      escalade: 3.2.0
      get-caller-file: 2.0.5
      require-directory: 2.1.1
      string-width: 4.2.3
      y18n: 5.0.8
      yargs-parser: 21.1.1
    dev: false
